
Microsoft Visual Studio Solution File, Format Version 12.00
# Visual Studio Version 16
VisualStudioVersion = 16.0.31515.178
MinimumVisualStudioVersion = 10.0.40219.1
Project("{FAE04EC0-301F-11D3-BF4B-00C04F79EFBC}") = "EjercicioFinalMVC5", "EjercicioFinalMVC5\EjercicioFinalMVC5.csproj", "{9D2A95FD-A1C5-4C7D-8F13-5D3470B31232}"
EndProject
Project("{FAE04EC0-301F-11D3-BF4B-00C04F79EFBC}") = "EjercicioFinalMVC5.Tests", "EjercicioFinalMVC5.Tests\EjercicioFinalMVC5.Tests.csproj", "{297CC376-A2CC-4925-BF4D-87CD368030CD}"
EndProject
Project("{FAE04EC0-301F-11D3-BF4B-00C04F79EFBC}") = "ServicioWebZoo", "..\ServicioWebZoo\ServicioWebZoo\ServicioWebZoo.csproj", "{A171B241-91D7-4CCE-ACF0-A13FAE609425}"
EndProject
Global
	GlobalSection(SolutionConfigurationPlatforms) = preSolution
		Debug|Any CPU = Debug|Any CPU
		Release|Any CPU = Release|Any CPU
	EndGlobalSection
	GlobalSection(ProjectConfigurationPlatforms) = postSolution
		{9D2A95FD-A1C5-4C7D-8F13-5D3470B31232}.Debug|Any CPU.ActiveCfg = Debug|Any CPU
		{9D2A95FD-A1C5-4C7D-8F13-5D3470B31232}.Debug|Any CPU.Build.0 = Debug|Any CPU
		{9D2A95FD-A1C5-4C7D-8F13-5D3470B31232}.Release|Any CPU.ActiveCfg = Release|Any CPU
		{9D2A95FD-A1C5-4C7D-8F13-5D3470B31232}.Release|Any CPU.Build.0 = Release|Any CPU
		{297CC376-A2CC-4925-BF4D-87CD368030CD}.Debug|Any CPU.ActiveCfg = Debug|Any CPU
		{297CC376-A2CC-4925-BF4D-87CD368030CD}.Debug|Any CPU.Build.0 = Debug|Any CPU
		{297CC376-A2CC-4925-BF4D-87CD368030CD}.Release|Any CPU.ActiveCfg = Release|Any CPU
		{297CC376-A2CC-4925-BF4D-87CD368030CD}.Release|Any CPU.Build.0 = Release|Any CPU
		{A171B241-91D7-4CCE-ACF0-A13FAE609425}.Debug|Any CPU.ActiveCfg = Debug|Any CPU
		{A171B241-91D7-4CCE-ACF0-A13FAE609425}.Debug|Any CPU.Build.0 = Debug|Any CPU
		{A171B241-91D7-4CCE-ACF0-A13FAE609425}.Release|Any CPU.ActiveCfg = Release|Any CPU
		{A171B241-91D7-4CCE-ACF0-A13FAE609425}.Release|Any CPU.Build.0 = Release|Any CPU
	EndGlobalSection
	GlobalSection(SolutionProperties) = preSolution
		HideSolutionNode = FALSE
	EndGlobalSection
	GlobalSection(ExtensibilityGlobals) = postSolution
		SolutionGuid = {AC4B9A7C-7800-410A-8903-8C53FAE7B8AD}
	EndGlobalSection
EndGlobal
